
Microsoft Visual Studio Solution File, Format Version 12.00
# Visual Studio Version 17
VisualStudioVersion = 17.10.35027.167
MinimumVisualStudioVersion = 10.0.40219.1
Project("{FAE04EC0-301F-11D3-BF4B-00C04F79EFBC}") = "Phu_NET", "Phu_NET\Phu_NET.csproj", "{BEAF8A0A-FB43-4D44-8520-5005C2CA61F7}"
EndProject
Global
	GlobalSection(SolutionConfigurationPlatforms) = preSolution
		Debug|Any CPU = Debug|Any CPU
		Release|Any CPU = Release|Any CPU
	EndGlobalSection
	GlobalSection(ProjectConfigurationPlatforms) = postSolution
		{BEAF8A0A-FB43-4D44-8520-5005C2CA61F7}.Debug|Any CPU.ActiveCfg = Debug|Any CPU
		{BEAF8A0A-FB43-4D44-8520-5005C2CA61F7}.Debug|Any CPU.Build.0 = Debug|Any CPU
		{BEAF8A0A-FB43-4D44-8520-5005C2CA61F7}.Release|Any CPU.ActiveCfg = Release|Any CPU
		{BEAF8A0A-FB43-4D44-8520-5005C2CA61F7}.Release|Any CPU.Build.0 = Release|Any CPU
	EndGlobalSection
	GlobalSection(SolutionProperties) = preSolution
		HideSolutionNode = FALSE
	EndGlobalSection
	GlobalSection(ExtensibilityGlobals) = postSolution
		SolutionGuid = {0935DA7A-5A2E-4E33-83AE-C7D200481762}
	EndGlobalSection
EndGlobal
